dependencies:
  espressif/bmi270_sensor:
    component_hash: fac23a5ecd2effdac0fb0705988d853745b8ffb99a384f87a307b3b25d15d432
    dependencies:
    - name: espressif/cmake_utilities
      registry_url: https://components.espressif.com
      require: private
      version: 0.*
    - name: espressif/i2c_bus
      registry_url: https://components.espressif.com
      require: public
      version: '*'
    - name: idf
      require: private
      version: '>=5.3'
    source:
      registry_url: https://components.espressif.com/
      type: service
    version: 0.1.1
  espressif/cmake_utilities:
    component_hash: 351350613ceafba240b761b4ea991e0f231ac7a9f59a9ee901f751bddc0bb18f
    dependencies:
    - name: idf
      require: private
      version: '>=4.1'
    source:
      registry_url: https://components.espressif.com
      type: service
    version: 0.5.3
  espressif/esp-dsp:
    component_hash: ed9ac175b14e0414399a2b33c525579414b5bad19a2a67b12ea212def96f9a98
    dependencies:
    - name: idf
      require: private
      version: '>=4.2'
    source:
      registry_url: https://components.espressif.com/
      type: service
    version: 1.8.2
  espressif/i2c_bus:
    component_hash: 804ec068d163570fd367b279a310ca383484630d2310c586b50def0bcf21de13
    dependencies:
    - name: espressif/cmake_utilities
      registry_url: https://components.espressif.com
      require: private
      version: '*'
    - name: idf
      require: private
      version: '>=4.0'
    source:
      registry_url: https://components.espressif.com
      type: service
    version: 1.5.1
  idf:
    source:
      type: idf
    version: 5.5.1
direct_dependencies:
- espressif/bmi270_sensor
- espressif/esp-dsp
- idf
manifest_hash: 6067deefff40c8734b7892f03f7041b844212d298a710f25c794ec6e75c39301
target: esp32s3
version: 2.0.0
